
Microsoft Visual Studio Solution File, Format Version 12.00
# Visual Studio 2013
VisualStudioVersion = 12.0.31101.0
MinimumVisualStudioVersion = 10.0.40219.1
Project("{8BC9CEB8-8B4A-11D0-8D11-00A0C91BC942}") = "clientguard", "extender_test_project\extender_test_project.vcxproj", "{ACE2047E-CFFD-4CE4-BCFF-0BB8500CFB96}"
EndProject
Project("{8BC9CEB8-8B4A-11D0-8D11-00A0C91BC942}") = "ConsoleApplication1", "ConsoleApplication1\ConsoleApplication1.vcxproj", "{7B0F7469-FD72-465A-8D31-DADCD0813E22}"
EndProject
Global
	GlobalSection(SolutionConfigurationPlatforms) = preSolution
		Debug|Win32 = Debug|Win32
		Release|Win32 = Release|Win32
	EndGlobalSection
	GlobalSection(ProjectConfigurationPlatforms) = postSolution
		{ACE2047E-CFFD-4CE4-BCFF-0BB8500CFB96}.Debug|Win32.ActiveCfg = Release|Win32
		{ACE2047E-CFFD-4CE4-BCFF-0BB8500CFB96}.Debug|Win32.Build.0 = Release|Win32
		{ACE2047E-CFFD-4CE4-BCFF-0BB8500CFB96}.Release|Win32.ActiveCfg = Release|Win32
		{ACE2047E-CFFD-4CE4-BCFF-0BB8500CFB96}.Release|Win32.Build.0 = Release|Win32
		{7B0F7469-FD72-465A-8D31-DADCD0813E22}.Debug|Win32.ActiveCfg = Debug|Win32
		{7B0F7469-FD72-465A-8D31-DADCD0813E22}.Debug|Win32.Build.0 = Debug|Win32
		{7B0F7469-FD72-465A-8D31-DADCD0813E22}.Release|Win32.ActiveCfg = Release|Win32
		{7B0F7469-FD72-465A-8D31-DADCD0813E22}.Release|Win32.Build.0 = Release|Win32
	EndGlobalSection
	GlobalSection(SolutionProperties) = preSolution
		HideSolutionNode = FALSE
	EndGlobalSection
EndGlobal
